
Microsoft Visual Studio Solution File, Format Version 12.00
# Visual Studio Version 16
VisualStudioVersion = 16.0.30320.27
MinimumVisualStudioVersion = 10.0.40219.1
Project("{9A19103F-16F7-4668-BE54-9A1E7A4F7556}") = "Insurance.WebAPI", "Insurance.WebAPI\Insurance.WebAPI.csproj", "{146D2552-180F-4754-9888-BDA2E6EE2A85}"
EndProject
Project("{FAE04EC0-301F-11D3-BF4B-00C04F79EFBC}") = "Insurance.UnitTests", "Insurance.UnitTests\Insurance.UnitTests.csproj", "{A4A212C7-5E46-4716-A488-A675FFED751E}"
EndProject
Global
	GlobalSection(SolutionConfigurationPlatforms) = preSolution
		Debug|Any CPU = Debug|Any CPU
		Release|Any CPU = Release|Any CPU
	EndGlobalSection
	GlobalSection(ProjectConfigurationPlatforms) = postSolution
		{146D2552-180F-4754-9888-BDA2E6EE2A85}.Debug|Any CPU.ActiveCfg = Debug|Any CPU
		{146D2552-180F-4754-9888-BDA2E6EE2A85}.Debug|Any CPU.Build.0 = Debug|Any CPU
		{146D2552-180F-4754-9888-BDA2E6EE2A85}.Release|Any CPU.ActiveCfg = Release|Any CPU
		{146D2552-180F-4754-9888-BDA2E6EE2A85}.Release|Any CPU.Build.0 = Release|Any CPU
		{A4A212C7-5E46-4716-A488-A675FFED751E}.Debug|Any CPU.ActiveCfg = Debug|Any CPU
		{A4A212C7-5E46-4716-A488-A675FFED751E}.Debug|Any CPU.Build.0 = Debug|Any CPU
		{A4A212C7-5E46-4716-A488-A675FFED751E}.Release|Any CPU.ActiveCfg = Release|Any CPU
		{A4A212C7-5E46-4716-A488-A675FFED751E}.Release|Any CPU.Build.0 = Release|Any CPU
	EndGlobalSection
	GlobalSection(SolutionProperties) = preSolution
		HideSolutionNode = FALSE
	EndGlobalSection
	GlobalSection(ExtensibilityGlobals) = postSolution
		SolutionGuid = {8574ADFE-F476-473E-A617-0D3BCA1FFE7D}
	EndGlobalSection
EndGlobal
